
Microsoft Visual Studio Solution File, Format Version 12.00
# Visual Studio Version 17
VisualStudioVersion = 17.1.32228.430
MinimumVisualStudioVersion = 10.0.40219.1
Project("{FAE04EC0-301F-11D3-BF4B-00C04F79EFBC}") = "MyDictionary", "MyDictionary\MyDictionary.csproj", "{198E3527-D2D0-4D1B-AA1F-72AA334A4611}"
EndProject
Global
	GlobalSection(SolutionConfigurationPlatforms) = preSolution
		Debug|Any CPU = Debug|Any CPU
		Release|Any CPU = Release|Any CPU
	EndGlobalSection
	GlobalSection(ProjectConfigurationPlatforms) = postSolution
		{198E3527-D2D0-4D1B-AA1F-72AA334A4611}.Debug|Any CPU.ActiveCfg = Debug|Any CPU
		{198E3527-D2D0-4D1B-AA1F-72AA334A4611}.Debug|Any CPU.Build.0 = Debug|Any CPU
		{198E3527-D2D0-4D1B-AA1F-72AA334A4611}.Release|Any CPU.ActiveCfg = Release|Any CPU
		{198E3527-D2D0-4D1B-AA1F-72AA334A4611}.Release|Any CPU.Build.0 = Release|Any CPU
	EndGlobalSection
	GlobalSection(SolutionProperties) = preSolution
		HideSolutionNode = FALSE
	EndGlobalSection
	GlobalSection(ExtensibilityGlobals) = postSolution
		SolutionGuid = {D0655EA6-896B-4518-8CC3-7595F52CA3B3}
	EndGlobalSection
EndGlobal
